{
  "name": "saba-site-plain-html",
  "lockfileVersion": 2,
  "requires": true,
  "packages": {
    "": {
      "dependencies": {
        "@outboxcraft/beauter": "^0.3.0"
      }
    },
    "node_modules/@outboxcraft/beauter": {
      "version": "0.3.0",
      "resolved": "https://registry.npmjs.org/@outboxcraft/beauter/-/beauter-0.3.0.tgz",
      "integrity": "sha512-LhbJNTU+nCdo/Y215EkFofH0QJhygPktiEBBPIXqArl9ZIOZlRRQBVV232l/CMKDdSjunqGGCxUUmsBgfV0Jbg=="
    }
  },
  "dependencies": {
    "@outboxcraft/beauter": {
      "version": "0.3.0",
      "resolved": "https://registry.npmjs.org/@outboxcraft/beauter/-/beauter-0.3.0.tgz",
      "integrity": "sha512-LhbJNTU+nCdo/Y215EkFofH0QJhygPktiEBBPIXqArl9ZIOZlRRQBVV232l/CMKDdSjunqGGCxUUmsBgfV0Jbg=="
    }
  }
}
